# THIS IS AN AUTOGENERATED FILE. DO NOT EDIT THIS FILE DIRECTLY.
# yarn lockfile v1


rescript@9.1.1:
  version "9.1.1"
  resolved "https://registry.yarnpkg.com/rescript/-/rescript-9.1.1.tgz#de2eb5470a463d7eea493b59537d49bafa6bc5e9"
  integrity sha512-c+zR5aZ5mXDpAx6oyS61t4sUPiq2VXgHigilYSMazDLp1uUGbf2JvgbSfRJFaKAjfsTKcohJyH0vtdihhdZmMA==
